
Microsoft Visual Studio Solution File, Format Version 12.00
Project("{FAE04EC0-301F-11D3-BF4B-00C04F79EFBC}") = "Dream_PC_Parts_Picker_API", "Dream_PC_Parts_Picker_API\Dream_PC_Parts_Picker_API.csproj", "{48B77CC4-91F9-4137-9D65-9A55F261BEE0}"
EndProject
Global
	GlobalSection(SolutionConfigurationPlatforms) = preSolution
		Debug|Any CPU = Debug|Any CPU
		Release|Any CPU = Release|Any CPU
	EndGlobalSection
	GlobalSection(ProjectConfigurationPlatforms) = postSolution
		{48B77CC4-91F9-4137-9D65-9A55F261BEE0}.Debug|Any CPU.ActiveCfg = Debug|Any CPU
		{48B77CC4-91F9-4137-9D65-9A55F261BEE0}.Debug|Any CPU.Build.0 = Debug|Any CPU
		{48B77CC4-91F9-4137-9D65-9A55F261BEE0}.Release|Any CPU.ActiveCfg = Release|Any CPU
		{48B77CC4-91F9-4137-9D65-9A55F261BEE0}.Release|Any CPU.Build.0 = Release|Any CPU
	EndGlobalSection
EndGlobal
